
Microsoft Visual Studio Solution File, Format Version 12.00
# Visual Studio Version 16
VisualStudioVersion = 16.0.32106.194
MinimumVisualStudioVersion = 10.0.40219.1
Project("{FAE04EC0-301F-11D3-BF4B-00C04F79EFBC}") = "P1-ASP", "P1-ASP.csproj", "{4D5548A7-53D5-4FF2-9820-A869AA1C21A5}"
EndProject
Global
	GlobalSection(SolutionConfigurationPlatforms) = preSolution
		Debug|Any CPU = Debug|Any CPU
		Release|Any CPU = Release|Any CPU
	EndGlobalSection
	GlobalSection(ProjectConfigurationPlatforms) = postSolution
		{4D5548A7-53D5-4FF2-9820-A869AA1C21A5}.Debug|Any CPU.ActiveCfg = Debug|Any CPU
		{4D5548A7-53D5-4FF2-9820-A869AA1C21A5}.Debug|Any CPU.Build.0 = Debug|Any CPU
		{4D5548A7-53D5-4FF2-9820-A869AA1C21A5}.Release|Any CPU.ActiveCfg = Release|Any CPU
		{4D5548A7-53D5-4FF2-9820-A869AA1C21A5}.Release|Any CPU.Build.0 = Release|Any CPU
	EndGlobalSection
	GlobalSection(SolutionProperties) = preSolution
		HideSolutionNode = FALSE
	EndGlobalSection
	GlobalSection(ExtensibilityGlobals) = postSolution
		SolutionGuid = {F141CF5E-9B52-499C-9DA1-444701B3C49A}
	EndGlobalSection
EndGlobal
